
Microsoft Visual Studio Solution File, Format Version 12.00
# Visual Studio Version 16
VisualStudioVersion = 16.0.32126.315
MinimumVisualStudioVersion = 10.0.40219.1
Project("{FAE04EC0-301F-11D3-BF4B-00C04F79EFBC}") = "ProjectLogin", "ProjectLogin\ProjectLogin.csproj", "{D6A537B4-33B3-4B32-8678-FA9165D6BFCB}"
EndProject
Global
	GlobalSection(SolutionConfigurationPlatforms) = preSolution
		Debug|Any CPU = Debug|Any CPU
		Release|Any CPU = Release|Any CPU
	EndGlobalSection
	GlobalSection(ProjectConfigurationPlatforms) = postSolution
		{D6A537B4-33B3-4B32-8678-FA9165D6BFCB}.Debug|Any CPU.ActiveCfg = Debug|Any CPU
		{D6A537B4-33B3-4B32-8678-FA9165D6BFCB}.Debug|Any CPU.Build.0 = Debug|Any CPU
		{D6A537B4-33B3-4B32-8678-FA9165D6BFCB}.Release|Any CPU.ActiveCfg = Release|Any CPU
		{D6A537B4-33B3-4B32-8678-FA9165D6BFCB}.Release|Any CPU.Build.0 = Release|Any CPU
	EndGlobalSection
	GlobalSection(SolutionProperties) = preSolution
		HideSolutionNode = FALSE
	EndGlobalSection
	GlobalSection(ExtensibilityGlobals) = postSolution
		SolutionGuid = {A28C7EFD-AF26-455B-9B94-79E285FD2E00}
	EndGlobalSection
EndGlobal
